
Microsoft Visual Studio Solution File, Format Version 12.00
# Visual Studio Version 16
VisualStudioVersion = 16.0.29613.14
MinimumVisualStudioVersion = 10.0.40219.1
Project("{FAE04EC0-301F-11D3-BF4B-00C04F79EFBC}") = "Digitalna ribarnica", "Digitalna ribarnica\Digitalna ribarnica.csproj", "{1D0EAEE2-AD94-4AD3-B32F-008B860B1E4F}"
EndProject
Project("{FAE04EC0-301F-11D3-BF4B-00C04F79EFBC}") = "Prijava", "Prijava\Prijava.csproj", "{C404D9AE-55C8-4ACB-9932-3D198BB005B7}"
EndProject
Project("{FAE04EC0-301F-11D3-BF4B-00C04F79EFBC}") = "Registracija", "Registracija\Registracija.csproj", "{893256CE-D8C3-4856-88BD-D2B18BC448F4}"
EndProject
Project("{FAE04EC0-301F-11D3-BF4B-00C04F79EFBC}") = "Baza", "Baza\Baza.csproj", "{995435A5-41EB-4598-8DB3-31F7DEB18CD7}"
EndProject
Project("{FAE04EC0-301F-11D3-BF4B-00C04F79EFBC}") = "RibeUSustavu", "RibeUSustavu\RibeUSustavu.csproj", "{B61FBBE0-0C61-4EDF-98AD-CD502C2B699C}"
EndProject
Global
	GlobalSection(SolutionConfigurationPlatforms) = preSolution
		Debug|Any CPU = Debug|Any CPU
		Release|Any CPU = Release|Any CPU
	EndGlobalSection
	GlobalSection(ProjectConfigurationPlatforms) = postSolution
		{1D0EAEE2-AD94-4AD3-B32F-008B860B1E4F}.Debug|Any CPU.ActiveCfg = Debug|Any CPU
		{1D0EAEE2-AD94-4AD3-B32F-008B860B1E4F}.Debug|Any CPU.Build.0 = Debug|Any CPU
		{1D0EAEE2-AD94-4AD3-B32F-008B860B1E4F}.Release|Any CPU.ActiveCfg = Release|Any CPU
		{1D0EAEE2-AD94-4AD3-B32F-008B860B1E4F}.Release|Any CPU.Build.0 = Release|Any CPU
		{C404D9AE-55C8-4ACB-9932-3D198BB005B7}.Debug|Any CPU.ActiveCfg = Debug|Any CPU
		{C404D9AE-55C8-4ACB-9932-3D198BB005B7}.Debug|Any CPU.Build.0 = Debug|Any CPU
		{C404D9AE-55C8-4ACB-9932-3D198BB005B7}.Release|Any CPU.ActiveCfg = Release|Any CPU
		{C404D9AE-55C8-4ACB-9932-3D198BB005B7}.Release|Any CPU.Build.0 = Release|Any CPU
		{893256CE-D8C3-4856-88BD-D2B18BC448F4}.Debug|Any CPU.ActiveCfg = Debug|Any CPU
		{893256CE-D8C3-4856-88BD-D2B18BC448F4}.Debug|Any CPU.Build.0 = Debug|Any CPU
		{893256CE-D8C3-4856-88BD-D2B18BC448F4}.Release|Any CPU.ActiveCfg = Release|Any CPU
		{893256CE-D8C3-4856-88BD-D2B18BC448F4}.Release|Any CPU.Build.0 = Release|Any CPU
		{995435A5-41EB-4598-8DB3-31F7DEB18CD7}.Debug|Any CPU.ActiveCfg = Debug|Any CPU
		{995435A5-41EB-4598-8DB3-31F7DEB18CD7}.Debug|Any CPU.Build.0 = Debug|Any CPU
		{995435A5-41EB-4598-8DB3-31F7DEB18CD7}.Release|Any CPU.ActiveCfg = Release|Any CPU
		{995435A5-41EB-4598-8DB3-31F7DEB18CD7}.Release|Any CPU.Build.0 = Release|Any CPU
		{B61FBBE0-0C61-4EDF-98AD-CD502C2B699C}.Debug|Any CPU.ActiveCfg = Debug|Any CPU
		{B61FBBE0-0C61-4EDF-98AD-CD502C2B699C}.Debug|Any CPU.Build.0 = Debug|Any CPU
		{B61FBBE0-0C61-4EDF-98AD-CD502C2B699C}.Release|Any CPU.ActiveCfg = Release|Any CPU
		{B61FBBE0-0C61-4EDF-98AD-CD502C2B699C}.Release|Any CPU.Build.0 = Release|Any CPU
	EndGlobalSection
	GlobalSection(SolutionProperties) = preSolution
		HideSolutionNode = FALSE
	EndGlobalSection
	GlobalSection(ExtensibilityGlobals) = postSolution
		SolutionGuid = {BFF5C067-6163-42D6-8295-3EE2E8E8AA91}
	EndGlobalSection
EndGlobal
